
Microsoft Visual Studio Solution File, Format Version 12.00
# Visual Studio 15
VisualStudioVersion = 15.0.27130.2027
MinimumVisualStudioVersion = 10.0.40219.1
Project("{FAE04EC0-301F-11D3-BF4B-00C04F79EFBC}") = "OpenWebpage", "OpenWebpage\OpenWebpage.csproj", "{8B5FABBB-A597-420D-A5B7-7D3A4803288E}"
EndProject
Global
	GlobalSection(SolutionConfigurationPlatforms) = preSolution
		Debug|Any CPU = Debug|Any CPU
		Release|Any CPU = Release|Any CPU
	EndGlobalSection
	GlobalSection(ProjectConfigurationPlatforms) = postSolution
		{8B5FABBB-A597-420D-A5B7-7D3A4803288E}.Debug|Any CPU.ActiveCfg = Debug|Any CPU
		{8B5FABBB-A597-420D-A5B7-7D3A4803288E}.Debug|Any CPU.Build.0 = Debug|Any CPU
		{8B5FABBB-A597-420D-A5B7-7D3A4803288E}.Release|Any CPU.ActiveCfg = Release|Any CPU
		{8B5FABBB-A597-420D-A5B7-7D3A4803288E}.Release|Any CPU.Build.0 = Release|Any CPU
	EndGlobalSection
	GlobalSection(SolutionProperties) = preSolution
		HideSolutionNode = FALSE
	EndGlobalSection
	GlobalSection(ExtensibilityGlobals) = postSolution
		SolutionGuid = {17DF56E3-2DD4-4411-8AE9-EAC0454EB992}
	EndGlobalSection
EndGlobal
